
Microsoft Visual Studio Solution File, Format Version 12.00
# Visual Studio 15
VisualStudioVersion = 15.0.27130.2027
MinimumVisualStudioVersion = 10.0.40219.1
Project("{FAE04EC0-301F-11D3-BF4B-00C04F79EFBC}") = "Expression_1", "Expression_1\Expression_1.csproj", "{6964A681-1476-47DD-AD58-AE3C2E648961}"
EndProject
Project("{FAE04EC0-301F-11D3-BF4B-00C04F79EFBC}") = "Expression_2", "Expression_2\Expression_2.csproj", "{0B475EC5-67F9-41BA-A83D-5EC2B6D6CE31}"
EndProject
Project("{FAE04EC0-301F-11D3-BF4B-00C04F79EFBC}") = "Sample03", "Sample03\Sample03.csproj", "{4B096486-7457-4911-8280-7BA7A2BB45A0}"
EndProject
Global
	GlobalSection(SolutionConfigurationPlatforms) = preSolution
		Debug|Any CPU = Debug|Any CPU
		Release|Any CPU = Release|Any CPU
	EndGlobalSection
	GlobalSection(ProjectConfigurationPlatforms) = postSolution
		{6964A681-1476-47DD-AD58-AE3C2E648961}.Debug|Any CPU.ActiveCfg = Debug|Any CPU
		{6964A681-1476-47DD-AD58-AE3C2E648961}.Debug|Any CPU.Build.0 = Debug|Any CPU
		{6964A681-1476-47DD-AD58-AE3C2E648961}.Release|Any CPU.ActiveCfg = Release|Any CPU
		{6964A681-1476-47DD-AD58-AE3C2E648961}.Release|Any CPU.Build.0 = Release|Any CPU
		{0B475EC5-67F9-41BA-A83D-5EC2B6D6CE31}.Debug|Any CPU.ActiveCfg = Debug|Any CPU
		{0B475EC5-67F9-41BA-A83D-5EC2B6D6CE31}.Debug|Any CPU.Build.0 = Debug|Any CPU
		{0B475EC5-67F9-41BA-A83D-5EC2B6D6CE31}.Release|Any CPU.ActiveCfg = Release|Any CPU
		{0B475EC5-67F9-41BA-A83D-5EC2B6D6CE31}.Release|Any CPU.Build.0 = Release|Any CPU
		{4B096486-7457-4911-8280-7BA7A2BB45A0}.Debug|Any CPU.ActiveCfg = Debug|Any CPU
		{4B096486-7457-4911-8280-7BA7A2BB45A0}.Debug|Any CPU.Build.0 = Debug|Any CPU
		{4B096486-7457-4911-8280-7BA7A2BB45A0}.Release|Any CPU.ActiveCfg = Release|Any CPU
		{4B096486-7457-4911-8280-7BA7A2BB45A0}.Release|Any CPU.Build.0 = Release|Any CPU
	EndGlobalSection
	GlobalSection(SolutionProperties) = preSolution
		HideSolutionNode = FALSE
	EndGlobalSection
	GlobalSection(ExtensibilityGlobals) = postSolution
		SolutionGuid = {B164E5E1-B224-4539-831E-EEBE039DF8D8}
	EndGlobalSection
EndGlobal
