
Microsoft Visual Studio Solution File, Format Version 12.00
# Visual Studio 15
VisualStudioVersion = 15.0.26430.14
MinimumVisualStudioVersion = 10.0.40219.1
Project("{FAE04EC0-301F-11D3-BF4B-00C04F79EFBC}") = "Service", "Service\Service.csproj", "{82F8EED9-9992-43CE-8F50-B6E1D5BC8406}"
EndProject
Global
	GlobalSection(SolutionConfigurationPlatforms) = preSolution
		Debug|Any CPU = Debug|Any CPU
		Release|Any CPU = Release|Any CPU
	EndGlobalSection
	GlobalSection(ProjectConfigurationPlatforms) = postSolution
		{82F8EED9-9992-43CE-8F50-B6E1D5BC8406}.Debug|Any CPU.ActiveCfg = Debug|Any CPU
		{82F8EED9-9992-43CE-8F50-B6E1D5BC8406}.Debug|Any CPU.Build.0 = Debug|Any CPU
		{82F8EED9-9992-43CE-8F50-B6E1D5BC8406}.Release|Any CPU.ActiveCfg = Release|Any CPU
		{82F8EED9-9992-43CE-8F50-B6E1D5BC8406}.Release|Any CPU.Build.0 = Release|Any CPU
	EndGlobalSection
	GlobalSection(SolutionProperties) = preSolution
		HideSolutionNode = FALSE
	EndGlobalSection
	GlobalSection(ExtensibilityGlobals) = postSolution
		SolutionGuid = {7B1038AC-8B8A-45C7-B573-A4631FEB44FA}
	EndGlobalSection
EndGlobal
